
Microsoft Visual Studio Solution File, Format Version 12.00
# Visual Studio Version 17
VisualStudioVersion = 17.6.33815.320
MinimumVisualStudioVersion = 10.0.40219.1
Project("{FAE04EC0-301F-11D3-BF4B-00C04F79EFBC}") = "practicode5", "practicode5\practicode5.csproj", "{BE02C84B-FFB0-4BA8-B779-4CE1F0FF8F4D}"
EndProject
Global
	GlobalSection(SolutionConfigurationPlatforms) = preSolution
		Debug|Any CPU = Debug|Any CPU
		Release|Any CPU = Release|Any CPU
	EndGlobalSection
	GlobalSection(ProjectConfigurationPlatforms) = postSolution
		{BE02C84B-FFB0-4BA8-B779-4CE1F0FF8F4D}.Debug|Any CPU.ActiveCfg = Debug|Any CPU
		{BE02C84B-FFB0-4BA8-B779-4CE1F0FF8F4D}.Debug|Any CPU.Build.0 = Debug|Any CPU
		{BE02C84B-FFB0-4BA8-B779-4CE1F0FF8F4D}.Release|Any CPU.ActiveCfg = Release|Any CPU
		{BE02C84B-FFB0-4BA8-B779-4CE1F0FF8F4D}.Release|Any CPU.Build.0 = Release|Any CPU
	EndGlobalSection
	GlobalSection(SolutionProperties) = preSolution
		HideSolutionNode = FALSE
	EndGlobalSection
	GlobalSection(ExtensibilityGlobals) = postSolution
		SolutionGuid = {F4D75768-1571-466A-ACE6-B48F35D1D77F}
	EndGlobalSection
EndGlobal
